{
  "version": 1,
  "dependencies": {
    "net6.0": {
      "Azure.Data.AppConfiguration": {
        "type": "Direct",
        "requested": "[1.2.0, )",
        "resolved": "1.2.0",
        "contentHash": "KA1dAM9TuDsq0CRFd+3cJTYUAzA2z9N8t9/xKdDbP9URuReq/NDFcKYr7GW2W9xzVGDtCHlD5j5am/+zLLBdSg==",
        "dependencies": {
          "Azure.Core": "1.20.0",
          "Microsoft.Bcl.AsyncInterfaces": "1.0.0",
          "System.Text.Json": "4.6.0"
        }
      },
      "Microsoft.Extensions.Configuration.AzureAppConfiguration": {
        "type": "Direct",
        "requested": "[5.0.0, )",
        "resolved": "5.0.0",
        "contentHash": "1yDu6r/mPowAxZ9ntEZqCpoNiVwKFIiZxkBsDDq3ahpb18xt6BgDnmmPKCzw/jKGw8aJzQ5g8Kl5+0uUN7hGrg==",
        "dependencies": {
          "Azure.Data.AppConfiguration": "1.2.0",
          "Azure.Messaging.EventGrid": "4.7.0",
          "Azure.Security.KeyVault.Secrets": "4.0.1",
          "Microsoft.Extensions.Configuration": "3.1.18",
          "Microsoft.Extensions.DependencyInjection.Abstractions": "3.1.18",
          "Microsoft.Extensions.Logging": "3.1.18",
          "System.Text.Json": "4.6.0"
        }
      },
      "Microsoft.Extensions.Options": {
        "type": "Direct",
        "requested": "[6.0.0, )",
        "resolved": "6.0.0",
        "contentHash": "dzXN0+V1AyjOe2xcJ86Qbo233KHuLEY0njf/P2Kw8SfJU+d45HNS2ctJdnEnrWbM9Ye2eFgaC5Mj9otRMU6IsQ==",
        "dependencies": {
          "Microsoft.Extensions.DependencyInjection.Abstractions": "6.0.0",
          "Microsoft.Extensions.Primitives": "6.0.0"
        }
      },
      "Microsoft.Extensions.Options.ConfigurationExtensions": {
        "type": "Direct",
        "requested": "[6.0.0, )",
        "resolved": "6.0.0",
        "contentHash": "bXWINbTn0vC0FYc9GaQTISbxhQLAMrvtbuvD9N6JelEaIS/Pr62wUCinrq5bf1WRBGczt1v4wDhxFtVFNcMdUQ==",
        "dependencies": {
          "Microsoft.Extensions.Configuration.Abstractions": "6.0.0",
          "Microsoft.Extensions.Configuration.Binder": "6.0.0",
          "Microsoft.Extensions.DependencyInjection.Abstractions": "6.0.0",
          "Microsoft.Extensions.Options": "6.0.0",
          "Microsoft.Extensions.Primitives": "6.0.0"
        }
      },
      "Azure.Core": {
        "type": "Transitive",
        "resolved": "1.20.0",
        "contentHash": "q7xigZIBjLjSKJA/Y+VygmJ2iZGiEyNuicN5iRX9oJL7451SulZm/CQ7qd8YCeL5TgNCNYCIrTIqRaams95zHA==",
        "dependencies": {
          "Microsoft.Bcl.AsyncInterfaces": "1.0.0",
          "System.Diagnostics.DiagnosticSource": "4.6.0",
          "System.Memory.Data": "1.0.2",
          "System.Numerics.Vectors": "4.5.0",
          "System.Text.Encodings.Web": "4.7.2",
          "System.Text.Json": "4.6.0",
          "System.Threading.Tasks.Extensions": "4.5.4"
        }
      },
      "Azure.Messaging.EventGrid": {
        "type": "Transitive",
        "resolved": "4.7.0",
        "contentHash": "Wm5+RY6hNoIPVLPwmr3T1ijVm5GdLVZBij93c4Brwe9iB3X8nlUYNjlnQVVJqK4QLs85nGwqBGUpB4BfYdGXVQ==",
        "dependencies": {
          "Azure.Core": "1.20.0",
          "System.Memory.Data": "1.0.2",
          "System.Text.Json": "4.6.0"
        }
      },
      "Azure.Security.KeyVault.Secrets": {
        "type": "Transitive",
        "resolved": "4.0.1",
        "contentHash": "/6tKn6aMYGsaiFgdGmWX14V8yupFGqMxIGK1nD3D83cZY032VunmaP8wkDDNy3YUWM9UAqpejwQsgFdR/ftjbQ==",
        "dependencies": {
          "Azure.Core": "1.0.1",
          "System.Memory": "4.5.3",
          "System.Text.Json": "4.6.0",
          "System.Threading.Tasks.Extensions": "4.5.2"
        }
      },
      "Microsoft.Bcl.AsyncInterfaces": {
        "type": "Transitive",
        "resolved": "1.0.0",
        "contentHash": "K63Y4hORbBcKLWH5wnKgzyn7TOfYzevIEwIedQHBIkmkEBA9SCqgvom+XTuE+fAFGvINGkhFItaZ2dvMGdT5iw=="
      },
      "Microsoft.Extensions.Configuration": {
        "type": "Transitive",
        "resolved": "3.1.18",
        "contentHash": "G2w2QolMv76ZswL6XKjy8PbAu12uYbtIkGwkkZEhy7irWfqQWFT8PKQ68cEpotg6e2rc15E5/LQDgvCpXeWFtA==",
        "dependencies": {
          "Microsoft.Extensions.Configuration.Abstractions": "3.1.18"
        }
      },
      "Microsoft.Extensions.Configuration.Abstractions": {
        "type": "Transitive",
        "resolved": "6.0.0",
        "contentHash": "qWzV9o+ZRWq+pGm+1dF+R7qTgTYoXvbyowRoBxQJGfqTpqDun2eteerjRQhq5PQ/14S+lqto3Ft4gYaRyl4rdQ==",
        "dependencies": {
          "Microsoft.Extensions.Primitives": "6.0.0"
        }
      },
      "Microsoft.Extensions.Configuration.Binder": {
        "type": "Transitive",
        "resolved": "6.0.0",
        "contentHash": "b3ErKzND8LIC7o08QAVlKfaEIYEvLJbtmVbFZVBRXeu9YkKfSSzLZfR1SUfQPBIy9mKLhEtJgGYImkcMNaKE0A==",
        "dependencies": {
          "Microsoft.Extensions.Configuration.Abstractions": "6.0.0"
        }
      },
      "Microsoft.Extensions.DependencyInjection": {
        "type": "Transitive",
        "resolved": "3.1.18",
        "contentHash": "Cd5n8pU5sVnke4qV87Lm6np0NQZLUG7vkgWgHxAmq+yAizIUCoDeqHc4MepV4YgH4kiY2VuYESVdCx7JbtkMnQ==",
        "dependencies": {
          "Microsoft.Extensions.DependencyInjection.Abstractions": "3.1.18"
        }
      },
      "Microsoft.Extensions.DependencyInjection.Abstractions": {
        "type": "Transitive",
        "resolved": "6.0.0",
        "contentHash": "xlzi2IYREJH3/m6+lUrQlujzX8wDitm4QGnUu6kUXTQAWPuZY8i+ticFJbzfqaetLA6KR/rO6Ew/HuYD+bxifg=="
      },
      "Microsoft.Extensions.Logging": {
        "type": "Transitive",
        "resolved": "3.1.18",
        "contentHash": "1cYb4a/c1IfYLc5hEGQOL0t9g43gBIcqJQC5WrEZdXhScEuP1tFs1XgGjzK957Wwibi5O8h8Gulpd2VZeW0cvg==",
        "dependencies": {
          "Microsoft.Extensions.Configuration.Binder": "3.1.18",
          "Microsoft.Extensions.DependencyInjection": "3.1.18",
          "Microsoft.Extensions.Logging.Abstractions": "3.1.18",
          "Microsoft.Extensions.Options": "3.1.18"
        }
      },
      "Microsoft.Extensions.Logging.Abstractions": {
        "type": "Transitive",
        "resolved": "3.1.18",
        "contentHash": "TmCtOpIU/dmdw50In0suE44ncPFqWKk9WK6T/+I8lKJtBdR1akBnvGBbGHx78Awnmq96DsZtuy9ujl+bNGaHSQ=="
      },
      "Microsoft.Extensions.Primitives": {
        "type": "Transitive",
        "resolved": "6.0.0",
        "contentHash": "9+PnzmQFfEFNR9J2aDTfJGGupShHjOuGw4VUv+JB044biSHrnmCIMD+mJHmb2H7YryrfBEXDurxQ47gJZdCKNQ==",
        "dependencies": {
          "System.Runtime.CompilerServices.Unsafe": "6.0.0"
        }
      },
      "System.Diagnostics.DiagnosticSource": {
        "type": "Transitive",
        "resolved": "4.6.0",
        "contentHash": "mbBgoR0rRfl2uimsZ2avZY8g7Xnh1Mza0rJZLPcxqiMWlkGukjmRkuMJ/er+AhQuiRIh80CR/Hpeztr80seV5g=="
      },
      "System.Memory": {
        "type": "Transitive",
        "resolved": "4.5.3",
        "contentHash": "3oDzvc/zzetpTKWMShs1AADwZjQ/36HnsufHRPcOjyRAAMLDlu2iD33MBI2opxnezcVUtXyqDXXjoFMOU9c7SA=="
      },
      "System.Memory.Data": {
        "type": "Transitive",
        "resolved": "1.0.2",
        "contentHash": "JGkzeqgBsiZwKJZ1IxPNsDFZDhUvuEdX8L8BDC8N3KOj+6zMcNU28CNN59TpZE/VJYy9cP+5M+sbxtWJx3/xtw==",
        "dependencies": {
          "System.Text.Encodings.Web": "4.7.2",
          "System.Text.Json": "4.6.0"
        }
      },
      "System.Numerics.Vectors": {
        "type": "Transitive",
        "resolved": "4.5.0",
        "contentHash": "QQTlPTl06J/iiDbJCiepZ4H//BVraReU4O4EoRw1U02H5TLUIT7xn3GnDp9AXPSlJUDyFs4uWjWafNX6WrAojQ=="
      },
      "System.Runtime.CompilerServices.Unsafe": {
        "type": "Transitive",
        "resolved": "6.0.0",
        "contentHash": "/iUeP3tq1S0XdNNoMz5C9twLSrM/TH+qElHkXWaPvuNOt+99G75NrV0OS2EqHx5wMN7popYjpc8oTjC1y16DLg=="
      },
      "System.Text.Encodings.Web": {
        "type": "Transitive",
        "resolved": "4.7.2",
        "contentHash": "iTUgB/WtrZ1sWZs84F2hwyQhiRH6QNjQv2DkwrH+WP6RoFga2Q1m3f9/Q7FG8cck8AdHitQkmkXSY8qylcDmuA=="
      },
      "System.Text.Json": {
        "type": "Transitive",
        "resolved": "4.6.0",
        "contentHash": "4F8Xe+JIkVoDJ8hDAZ7HqLkjctN/6WItJIzQaifBwClC7wmoLSda/Sv2i6i1kycqDb3hWF4JCVbpAweyOKHEUA=="
      },
      "System.Threading.Tasks.Extensions": {
        "type": "Transitive",
        "resolved": "4.5.4",
        "contentHash": "zteT+G8xuGu6mS+mzDzYXbzS7rd3K6Fjb9RiZlYlJPam2/hU7JCBZBVEcywNuR+oZ1ncTvc/cq0faRr3P01OVg=="
      }
    }
  }
}